
Microsoft Visual Studio Solution File, Format Version 12.00
# Visual Studio Version 17
VisualStudioVersion = 17.2.32516.85
MinimumVisualStudioVersion = 10.0.40219.1
Project("{FAE04EC0-301F-11D3-BF4B-00C04F79EFBC}") = "ATM_consola", "ATM_consola\ATM_consola.csproj", "{F7E478CA-292C-4FD8-AA93-4121B47085CB}"
EndProject
Global
	GlobalSection(SolutionConfigurationPlatforms) = preSolution
		Debug|Any CPU = Debug|Any CPU
		Release|Any CPU = Release|Any CPU
	EndGlobalSection
	GlobalSection(ProjectConfigurationPlatforms) = postSolution
		{F7E478CA-292C-4FD8-AA93-4121B47085CB}.Debug|Any CPU.ActiveCfg = Debug|Any CPU
		{F7E478CA-292C-4FD8-AA93-4121B47085CB}.Debug|Any CPU.Build.0 = Debug|Any CPU
		{F7E478CA-292C-4FD8-AA93-4121B47085CB}.Release|Any CPU.ActiveCfg = Release|Any CPU
		{F7E478CA-292C-4FD8-AA93-4121B47085CB}.Release|Any CPU.Build.0 = Release|Any CPU
	EndGlobalSection
	GlobalSection(SolutionProperties) = preSolution
		HideSolutionNode = FALSE
	EndGlobalSection
	GlobalSection(ExtensibilityGlobals) = postSolution
		SolutionGuid = {4739CB60-CD72-4A49-8B5D-E446F61000CE}
	EndGlobalSection
EndGlobal
